
Microsoft Visual Studio Solution File, Format Version 12.00
# Visual Studio Version 17
VisualStudioVersion = 17.9.34607.119
MinimumVisualStudioVersion = 10.0.40219.1
Project("{FAE04EC0-301F-11D3-BF4B-00C04F79EFBC}") = "OrganisationLibrary", "Organisation\OrganisationLibrary.csproj", "{D27DA427-078F-49DC-9EC9-0F2544BA0BA4}"
EndProject
Project("{FAE04EC0-301F-11D3-BF4B-00C04F79EFBC}") = "ConsoleApp", "ConsoleApp\ConsoleApp.csproj", "{1C7D16C8-8578-488B-9FE2-A447CAA49360}"
EndProject
Global
	GlobalSection(SolutionConfigurationPlatforms) = preSolution
		Debug|Any CPU = Debug|Any CPU
		Release|Any CPU = Release|Any CPU
	EndGlobalSection
	GlobalSection(ProjectConfigurationPlatforms) = postSolution
		{D27DA427-078F-49DC-9EC9-0F2544BA0BA4}.Debug|Any CPU.ActiveCfg = Debug|Any CPU
		{D27DA427-078F-49DC-9EC9-0F2544BA0BA4}.Debug|Any CPU.Build.0 = Debug|Any CPU
		{D27DA427-078F-49DC-9EC9-0F2544BA0BA4}.Release|Any CPU.ActiveCfg = Release|Any CPU
		{D27DA427-078F-49DC-9EC9-0F2544BA0BA4}.Release|Any CPU.Build.0 = Release|Any CPU
		{1C7D16C8-8578-488B-9FE2-A447CAA49360}.Debug|Any CPU.ActiveCfg = Debug|Any CPU
		{1C7D16C8-8578-488B-9FE2-A447CAA49360}.Debug|Any CPU.Build.0 = Debug|Any CPU
		{1C7D16C8-8578-488B-9FE2-A447CAA49360}.Release|Any CPU.ActiveCfg = Release|Any CPU
		{1C7D16C8-8578-488B-9FE2-A447CAA49360}.Release|Any CPU.Build.0 = Release|Any CPU
	EndGlobalSection
	GlobalSection(SolutionProperties) = preSolution
		HideSolutionNode = FALSE
	EndGlobalSection
	GlobalSection(ExtensibilityGlobals) = postSolution
		SolutionGuid = {19CEC413-BA99-407F-A94F-D3D7C66F88F6}
	EndGlobalSection
EndGlobal
